[[package]]
name = "find-word"
version = "0.1.0"
dependencies = [
 "unidecode 0.3.0 (registry+https://github.com/rust-lang/crates.io-index)",
]

[[package]]
name = "unidecode"
version = "0.3.0"
source = "registry+https://github.com/rust-lang/crates.io-index"

[metadata]
"checksum unidecode 0.3.0 (registry+https://github.com/rust-lang/crates.io-index)" = "402bb19d8e03f1d1a7450e2bd613980869438e0666331be3e073089124aa1adc"
